
Microsoft Visual Studio Solution File, Format Version 12.00
# Visual Studio 14
VisualStudioVersion = 14.0.25029.0
MinimumVisualStudioVersion = 10.0.40219.1
Project("{F2A71F9B-5D33-465A-A702-920D77279786}") = "FSharp.Collections.Immutable", "FSharp.Collections.Immutable\FSharp.Collections.Immutable.fsproj", "{84FF98C3-CC31-4AE7-9F14-28F0DEBC7165}"
EndProject
Global
	GlobalSection(SolutionConfigurationPlatforms) = preSolution
		Debug|Any CPU = Debug|Any CPU
		Release|Any CPU = Release|Any CPU
	EndGlobalSection
	GlobalSection(ProjectConfigurationPlatforms) = postSolution
		{84FF98C3-CC31-4AE7-9F14-28F0DEBC7165}.Debug|Any CPU.ActiveCfg = Debug|Any CPU
		{84FF98C3-CC31-4AE7-9F14-28F0DEBC7165}.Debug|Any CPU.Build.0 = Debug|Any CPU
		{84FF98C3-CC31-4AE7-9F14-28F0DEBC7165}.Release|Any CPU.ActiveCfg = Release|Any CPU
		{84FF98C3-CC31-4AE7-9F14-28F0DEBC7165}.Release|Any CPU.Build.0 = Release|Any CPU
	EndGlobalSection
	GlobalSection(SolutionProperties) = preSolution
		HideSolutionNode = FALSE
	EndGlobalSection
	GlobalSection(CodealikeProperties) = postSolution
		SolutionGuid = f92c102d-027e-479b-995c-b971032fea8c
	EndGlobalSection
EndGlobal
